{
    "_readme": [
        "This file locks the dependencies of your project to a known state",
        "Read more about it at http://getcomposer.org/doc/01-basic-usage.md#composer-lock-the-lock-file"
    ],
    "hash": "1df282930d46e12db321d833ab2950f8",
    "packages": [
        {
            "name": "weotch/phpthumb",
            "version": "1.0.4",
            "source": {
                "type": "git",
                "url": "https://github.com/weotch/PHPThumb.git",
                "reference": "316a472b9a00fb33450d46f463de62c0eadb876a"
            },
            "dist": {
                "type": "zip",
                "url": "https://api.github.com/repos/weotch/PHPThumb/zipball/316a472b9a00fb33450d46f463de62c0eadb876a",
                "reference": "316a472b9a00fb33450d46f463de62c0eadb876a",
                "shasum": ""
            },
            "replace": {
                "dannytrue/phpthumb": "dev-master#2d8898f62e75a743e248dd5906a038d574e0dfe0"
            },
            "type": "library",
            "autoload": {
                "classmap": [
                    "src/"
                ]
            },
            "notification-url": "https://packagist.org/downloads/",
            "license": [
                "MIT"
            ],
            "authors": [
                {
                    "name": "Robert Reinhard"
                }
            ],
            "description": "Fork of PHPThumb that adds auto-image rotation based on EXIF data and composer support",
            "time": "2013-04-08 22:11:00"
        }
    ],
    "packages-dev": [

    ],
    "aliases": [

    ],
    "minimum-stability": "stable",
    "stability-flags": [

    ],
    "platform": [

    ],
    "platform-dev": [

    ]
}
